{
  "version": "3",
  "remote": {
    "https://deno.land/std@0.211.0/assert/_constants.ts": "a271e8ef5a573f1df8e822a6eb9d09df064ad66a4390f21b3e31f820a38e0975",
    "https://deno.land/std@0.211.0/assert/_diff.ts": "6a2d68f2c42d73a1e31818a4195f40598d672c7f02ac75c7f1b1e6789852c2bc",
    "https://deno.land/std@0.211.0/assert/_format.ts": "0ba808961bf678437fb486b56405b6fefad2cf87b5809667c781ddee8c32aff4",
    "https://deno.land/std@0.211.0/assert/assert.ts": "bec068b2fccdd434c138a555b19a2c2393b71dfaada02b7d568a01541e67cdc5",
    "https://deno.land/std@0.211.0/assert/assert_almost_equals.ts": "648ea72678296a5ad86d3bbb66904335fa97de3133223f44ca4596b225cdcbef",
    "https://deno.land/std@0.211.0/assert/assert_array_includes.ts": "dbb461c20681807a884ad84d873f9e4daead380859531b1e7f27fa4e8f8bf431",
    "https://deno.land/std@0.211.0/assert/assert_equals.ts": "b3b33ae8a85ae22a0754c61a7486d4ae870e8938830a94f5cacecba3a9b0442a",
    "https://deno.land/std@0.211.0/assert/assert_exists.ts": "24a7bf965e634f909242cd09fbaf38bde6b791128ece08e33ab08586a7cc55c9",
    "https://deno.land/std@0.211.0/assert/assert_false.ts": "6f382568e5128c0f855e5f7dbda8624c1ed9af4fcc33ef4a9afeeedcdce99769",
    "https://deno.land/std@0.211.0/assert/assert_greater.ts": "8dfcf082d2bcffcaab3bd0dab48d41e41c26266529567246de47bd6864936f6d",
    "https://deno.land/std@0.211.0/assert/assert_greater_or_equal.ts": "9e02ef89f32563f539f7e66556930033418728847aefcca4e3806a735b5f122e",
    "https://deno.land/std@0.211.0/assert/assert_instance_of.ts": "72dc1faff1e248692d873c89382fa1579dd7b53b56d52f37f9874a75b11ba444",
    "https://deno.land/std@0.211.0/assert/assert_is_error.ts": "6596f2b5ba89ba2fe9b074f75e9318cda97a2381e59d476812e30077fbdb6ed2",
    "https://deno.land/std@0.211.0/assert/assert_less.ts": "91a6fed705f9c39bbd683b62aa9dfc42547bc886c29f696997e681cafb886b16",
    "https://deno.land/std@0.211.0/assert/assert_less_or_equal.ts": "7a3c2e554eb20aa6af9dd4a410e550bcee9e8a28102d51f5f40cb1b8d141e4e1",
    "https://deno.land/std@0.211.0/assert/assert_match.ts": "ec2d9680ed3e7b9746ec57ec923a17eef6d476202f339ad91d22277d7f1d16e1",
    "https://deno.land/std@0.211.0/assert/assert_not_equals.ts": "cb78bf9a4357d69673c87b634491bc6b840412c8b55efe472af9877ef6f0a29b",
    "https://deno.land/std@0.211.0/assert/assert_not_instance_of.ts": "8f720d92d83775c40b2542a8d76c60c2d4aeddaf8713c8d11df8984af2604931",
    "https://deno.land/std@0.211.0/assert/assert_not_match.ts": "b4b7c77f146963e2b673c1ce4846473703409eb93f5ab0eb60f6e6f8aeffe39f",
    "https://deno.land/std@0.211.0/assert/assert_not_strict_equals.ts": "89ba25e1da5233404ac4c01651c088759b7977c51034eefc6050fe3fc2d10c46",
    "https://deno.land/std@0.211.0/assert/assert_object_match.ts": "e85e5eef62a56ce364c3afdd27978ccab979288a3e772e6855c270a7b118fa49",
    "https://deno.land/std@0.211.0/assert/assert_rejects.ts": "e9e0c8d9c3e164c7ac962c37b3be50577c5a2010db107ed272c4c1afb1269f54",
    "https://deno.land/std@0.211.0/assert/assert_strict_equals.ts": "0425a98f70badccb151644c902384c12771a93e65f8ff610244b8147b03a2366",
    "https://deno.land/std@0.211.0/assert/assert_string_includes.ts": "dfb072a890167146f8e5bdd6fde887ce4657098e9f71f12716ef37f35fb6f4a7",
    "https://deno.land/std@0.211.0/assert/assert_throws.ts": "edddd86b39606c342164b49ad88dd39a26e72a26655e07545d172f164b617fa7",
    "https://deno.land/std@0.211.0/assert/assertion_error.ts": "9f689a101ee586c4ce92f52fa7ddd362e86434ffdf1f848e45987dc7689976b8",
    "https://deno.land/std@0.211.0/assert/equal.ts": "fae5e8a52a11d3ac694bbe1a53e13a7969e3f60791262312e91a3e741ae519e2",
    "https://deno.land/std@0.211.0/assert/fail.ts": "f310e51992bac8e54f5fd8e44d098638434b2edb802383690e0d7a9be1979f1c",
    "https://deno.land/std@0.211.0/assert/mod.ts": "325df8c0683ad83a873b9691aa66b812d6275fc9fec0b2d180ac68a2c5efed3b",
    "https://deno.land/std@0.211.0/assert/unimplemented.ts": "47ca67d1c6dc53abd0bd729b71a31e0825fc452dbcd4fde4ca06789d5644e7fd",
    "https://deno.land/std@0.211.0/assert/unreachable.ts": "38cfecb95d8b06906022d2f9474794fca4161a994f83354fd079cac9032b5145",
    "https://deno.land/std@0.211.0/fmt/colors.ts": "be082d6a6bbb2980ae7b2bf8c23c6bb2811ba90a06a9bcb861344a71784c5a99",
    "https://raw.githubusercontent.com/i-xi-dev/compat.es/1.2.16/deps.ts": "2f548e04fd84d17ba09fc8b85fff9dbcae6138ba7ed03faf49ec8e61ec8cd480",
    "https://raw.githubusercontent.com/i-xi-dev/compat.es/1.2.16/mod.ts": "6e0c1394790a67d710394fc820bdf77deb4c2e2dd6a0d538c61e09e2dede0936",
    "https://raw.githubusercontent.com/i-xi-dev/compat.es/1.2.16/src/blob.ts": "d70727f2fc94dbec33f43ec2413c8a66be0fab4154ac948ce1f51c199efbfc2f",
    "https://raw.githubusercontent.com/i-xi-dev/compat.es/1.2.16/src/crypto.ts": "62ede9ee0c5cffc08bf3729a7574489b536cdd33b7cddb88bb5fae2a0cd048f6",
    "https://raw.githubusercontent.com/i-xi-dev/compat.es/1.2.16/src/file.ts": "29be7fc9d5146714c464cfa81956ac7c11d7cf0d2abb3782675d4e1a4b347615",
    "https://raw.githubusercontent.com/i-xi-dev/compat.es/1.2.16/src/progress_event.ts": "bf54480e8de61add762926ff77f371580af8f5d2ef5f6bb565e2bafcd34d0cfc",
    "https://raw.githubusercontent.com/i-xi-dev/compat.es/1.2.16/src/readable_stream.ts": "174e42da063f0e00e560e05b5cd6af294dd25095e922efefe986357d2c5039e9",
    "https://raw.githubusercontent.com/i-xi-dev/compat.es/1.2.16/src/transform_stream.ts": "00e172c395357de6115ad385e1407ce0299cb2dcba77d2a2ecf89e0de2a8e695",
    "https://raw.githubusercontent.com/i-xi-dev/compat.es/1.2.16/src/writable_stream.ts": "6d3b526e8df6e2618cbbd3ac05adbc64641bdad268e3f05aff1b8335a85ab481",
    "https://raw.githubusercontent.com/i-xi-dev/number-format.es/1.0.0/deps.ts": "3a90ea1dfe3dc56a420e613ec314d2db2f92827fddf4982321bd5341ae07dfa4",
    "https://raw.githubusercontent.com/i-xi-dev/number-format.es/1.0.0/mod.ts": "b92b2e442b3e306e6d68ab7ba1bd33dc57e8d8d2909ebe4b0a27c47c89820ee5",
    "https://raw.githubusercontent.com/i-xi-dev/number-format.es/1.0.0/src/safe_integer_format.ts": "0e5c245698b6ec4adf2bf8a7572cf074b4f61afa09539cb28e899be55bb7d78d",
    "https://raw.githubusercontent.com/i-xi-dev/number.es/7.1.0/mod.ts": "9a8f794fb02a04a2c0b13b5c7817e386bbfbb7f068b215f76eaea24f97f13ea7",
    "https://raw.githubusercontent.com/i-xi-dev/number.es/7.1.0/src/_utils.ts": "a2733e44ed12fb92d9a121cd14656e5fc29d77359e7c066ddfd427a91998e35f",
    "https://raw.githubusercontent.com/i-xi-dev/number.es/7.1.0/src/bigint.ts": "8f5e1601cafb6e867c354e1dfaa1b5b8e42f3c9c070a387728176633d7f528eb",
    "https://raw.githubusercontent.com/i-xi-dev/number.es/7.1.0/src/bigint_range.ts": "b14db6241c90419f47425e2d579ca7fadae4f67d1bb89f88edd4d3d60e75f8a9",
    "https://raw.githubusercontent.com/i-xi-dev/number.es/7.1.0/src/number.ts": "9c8ef92244a31efb4e5f137e151392ad8878821b4d22ee09de8d610a2ebb7753",
    "https://raw.githubusercontent.com/i-xi-dev/number.es/7.1.0/src/number_range.ts": "30de5dbaf141a5f647d046bd1e2dd8449ed2e43b05cbb4c4a9e4e18f2a2e8098",
    "https://raw.githubusercontent.com/i-xi-dev/number.es/7.1.0/src/radix.ts": "9e0f2281aefa4050f87d1559cf870326df1711fbc43e5c68ffa58af4bf79e0d8",
    "https://raw.githubusercontent.com/i-xi-dev/number.es/7.1.0/src/rounding_mode.ts": "f5e90afbbdf9e85b2d5d5b076f416ad6014cd3f7ff5d5f59927e2fe548a0926e",
    "https://raw.githubusercontent.com/i-xi-dev/number.es/7.1.0/src/safe_integer.ts": "60925baaba88d1c6a2d34fb69f23618b2c5806466639963b143f6501b10136d1",
    "https://raw.githubusercontent.com/i-xi-dev/number.es/7.1.0/src/uint16.ts": "fc50c13b1ce16e85213db703e8f33cf283a32446e11dece86a4f99c4e0aafc74",
    "https://raw.githubusercontent.com/i-xi-dev/number.es/7.1.0/src/uint32.ts": "2fe0d1ede24eaeac1f6ae1154b7bc85a1d7c0647e265114ebcab46d965f2e6a9",
    "https://raw.githubusercontent.com/i-xi-dev/number.es/7.1.0/src/uint6.ts": "7dd5e63bf6666ce109a982dc3471d3c4deab5210fbc57c24157396b056e0b848",
    "https://raw.githubusercontent.com/i-xi-dev/number.es/7.1.0/src/uint64.ts": "85e74d79df8bd2f700bba057aee31973c9cdab1315d4e74ebdd79b3b6415902e",
    "https://raw.githubusercontent.com/i-xi-dev/number.es/7.1.0/src/uint7.ts": "bd0e4d9af733caffff0feaf02223bd466224f6d4ca3af8eec34ab1f6c25933f0",
    "https://raw.githubusercontent.com/i-xi-dev/number.es/7.1.0/src/uint8.ts": "b7d0b707b02a1939e881d9db89d7b81d47ca2f91a1eda80666510608a0dee9da",
    "https://raw.githubusercontent.com/i-xi-dev/string.es/6.0.3/deps.ts": "af0e21f1a90c93b434e455fc60452731ee69ff4d123ef03ee64eb7db29c72f2c",
    "https://raw.githubusercontent.com/i-xi-dev/string.es/6.0.3/mod.ts": "b707475542968cd0ac5ce29474709984f329f7a7320079b02b9410f0bc8a9825",
    "https://raw.githubusercontent.com/i-xi-dev/string.es/6.0.3/src/code_point.ts": "53f884f388717c602dece11f1f5af2d6c444e76eb7100223e5363ec368171313",
    "https://raw.githubusercontent.com/i-xi-dev/string.es/6.0.3/src/general_category.ts": "ed37611e5b64b9e4c9e84f9675900b2bd1a0ad629fbd90f5e512558580c55f0c",
    "https://raw.githubusercontent.com/i-xi-dev/string.es/6.0.3/src/isomorphic.ts": "8c5b17eb349d17fd3704a39ed2b7fc81ed32b72210aa0b736d54206da6dd5268",
    "https://raw.githubusercontent.com/i-xi-dev/string.es/6.0.3/src/rune.ts": "2a1ec6942c9c1d43913a1967281bc404f3e7774b3aa5c78a822d42efb45dd220",
    "https://raw.githubusercontent.com/i-xi-dev/string.es/6.0.3/src/string.ts": "a3d1a773b26b408fbb1e3abdd66812f6f02b33edb49588f09701efdd57070441",
    "https://raw.githubusercontent.com/i-xi-dev/text-encoding.es/6.3.5/deps.ts": "f2d5be72aaf0d6d9828889c3c5af600ed6b332cc2d6ccd1a7f60d3a8bf57ac56",
    "https://raw.githubusercontent.com/i-xi-dev/text-encoding.es/6.3.5/mod.ts": "cc6977e69300e513c7256d93e2f548a098543b33fa3957f74e45a43403485e04",
    "https://raw.githubusercontent.com/i-xi-dev/text-encoding.es/6.3.5/src/main.ts": "d038e44cf65e7645903fa505575a1ac5680ddedd70c56a9e17ff4ca6995cf43c",
    "https://raw.githubusercontent.com/i-xi-dev/text-encoding.es/6.3.5/src/us_ascii.ts": "05d6f0d1cc3a02875b8dee0355bef742d12fb33fe06572cf0d8d893d9e550b2b"
  }
}
